PODS:
  - Flutter (1.0.0)
  - receive_file_intent (0.0.1):
    - Flutter

DEPENDENCIES:
  - Flutter (from `.symlinks/flutter/ios`)
  - receive_file_intent (from `.symlinks/plugins/receive_file_intent/ios`)

EXTERNAL SOURCES:
  Flutter:
    :path: ".symlinks/flutter/ios"
  receive_file_intent:
    :path: ".symlinks/plugins/receive_file_intent/ios"

SPEC CHECKSUMS:
  Flutter: 0e3d915762c693b495b44d77113d4970485de6ec
  receive_file_intent: 4207fb5eb437d267e02696c5c6c30f102b25836d

PODFILE CHECKSUM: ebd43b443038e611b86ede96e613bd6033c49497

COCOAPODS: 1.6.1
